Microsoft Visual Studio Solution File, Format Version 11.00
# Visual Studio 2010
Project("{FAE04EC0-301F-11D3-BF4B-00C04F79EFBC}") = "Assembly-CSharp", "Assembly-CSharp.csproj", "{0D3EA175-74CB-8BB2-25BF-E2C8D8566DB8}"
EndProject
Project("{FAE04EC0-301F-11D3-BF4B-00C04F79EFBC}") = "Assembly-CSharp-Editor", "Assembly-CSharp-Editor.csproj", "{3AA43411-823F-E3F7-ADB5-12B1FCE1002E}"
EndProject
Global
	GlobalSection(SolutionConfigurationPlatforms) = preSolution
		Debug|Any CPU = Debug|Any CPU
		Release|Any CPU = Release|Any CPU
	EndGlobalSection
	GlobalSection(ProjectConfigurationPlatforms) = postSolution
		{0D3EA175-74CB-8BB2-25BF-E2C8D8566DB8}.Debug|Any CPU.ActiveCfg = Debug|Any CPU
		{0D3EA175-74CB-8BB2-25BF-E2C8D8566DB8}.Debug|Any CPU.Build.0 = Debug|Any CPU
		{0D3EA175-74CB-8BB2-25BF-E2C8D8566DB8}.Release|Any CPU.ActiveCfg = Release|Any CPU
		{0D3EA175-74CB-8BB2-25BF-E2C8D8566DB8}.Release|Any CPU.Build.0 = Release|Any CPU
		{3AA43411-823F-E3F7-ADB5-12B1FCE1002E}.Debug|Any CPU.ActiveCfg = Debug|Any CPU
		{3AA43411-823F-E3F7-ADB5-12B1FCE1002E}.Debug|Any CPU.Build.0 = Debug|Any CPU
		{3AA43411-823F-E3F7-ADB5-12B1FCE1002E}.Release|Any CPU.ActiveCfg = Release|Any CPU
		{3AA43411-823F-E3F7-ADB5-12B1FCE1002E}.Release|Any CPU.Build.0 = Release|Any CPU
	EndGlobalSection
	GlobalSection(SolutionProperties) = preSolution
		HideSolutionNode = FALSE
	EndGlobalSection
	GlobalSection(MonoDevelopProperties) = preSolution
		StartupItem = Assembly-CSharp.csproj
	EndGlobalSection
EndGlobal
